{
  "name": "prefix_hash_tree",
  "version": "1.0.0",
  "lockfileVersion": 1,
  "requires": true,
  "dependencies": {
    "bluebird": {
      "version": "3.7.2",
      "resolved": "https://na.artifactory.swg-devops.com/artifactory/api/npm/txo-wis-npm-virtual/bluebird/-/bluebird-3.7.2.tgz?dl=https%3A%2F%2Fregistry.npmjs.org%2Fbluebird%2F-%2Fbluebird-3.7.2.tgz",
      "integrity": "sha1-nyKcFb4nJFT/qXOs4NvueaGww28="
    },
    "commander": {
      "version": "8.3.0",
      "resolved": "https://na.artifactory.swg-devops.com/artifactory/api/npm/txo-wis-npm-virtual/commander/-/commander-8.3.0.tgz?dl=https%3A%2F%2Fregistry.npmjs.org%2Fcommander%2F-%2Fcommander-8.3.0.tgz",
      "integrity": "sha1-SDfqGy2me5xhamevuw+v7lZ7ymY="
    },
    "connection-parse": {
      "version": "0.0.7",
      "resolved": "https://na.artifactory.swg-devops.com/artifactory/api/npm/txo-wis-npm-virtual/connection-parse/-/connection-parse-0.0.7.tgz?dl=https%3A%2F%2Fregistry.npmjs.org%2Fconnection-parse%2F-%2Fconnection-parse-0.0.7.tgz",
      "integrity": "sha1-GOcxiqsGppkmc3KxDFIm0locmmk="
    },
    "csv-parse": {
      "version": "5.0.3",
      "resolved": "https://na.artifactory.swg-devops.com/artifactory/api/npm/txo-wis-npm-virtual/csv-parse/-/csv-parse-5.0.3.tgz?dl=https%3A%2F%2Fregistry.npmjs.org%2Fcsv-parse%2F-%2Fcsv-parse-5.0.3.tgz",
      "integrity": "sha1-7rCxrIvylw9wMXbI9U0xMyW20ug="
    },
    "google-closure-library": {
      "version": "20211107.0.0",
      "resolved": "https://na.artifactory.swg-devops.com/artifactory/api/npm/txo-wis-npm-virtual/google-closure-library/-/google-closure-library-20211107.0.0.tgz?dl=https%3A%2F%2Fregistry.npmjs.org%2Fgoogle-closure-library%2F-%2Fgoogle-closure-library-20211107.0.0.tgz",
      "integrity": "sha1-0iEZjkiX+dypyoGUVe9BX/ueOxc="
    },
    "hashring": {
      "version": "3.2.0",
      "resolved": "https://na.artifactory.swg-devops.com/artifactory/api/npm/txo-wis-npm-virtual/hashring/-/hashring-3.2.0.tgz?dl=https%3A%2F%2Fregistry.npmjs.org%2Fhashring%2F-%2Fhashring-3.2.0.tgz",
      "integrity": "sha1-/aTv3oqiLNuX+x0qZeiEAeHBRM4=",
      "requires": {
        "connection-parse": "0.0.x",
        "simple-lru-cache": "0.0.x"
      }
    },
    "jackpot": {
      "version": "0.0.6",
      "resolved": "https://na.artifactory.swg-devops.com/artifactory/api/npm/txo-wis-npm-virtual/jackpot/-/jackpot-0.0.6.tgz?dl=https%3A%2F%2Fregistry.npmjs.org%2Fjackpot%2F-%2Fjackpot-0.0.6.tgz",
      "integrity": "sha1-PP8GQoXL9m9OqyWTyQvOgWqCGEk=",
      "requires": {
        "retry": "0.6.0"
      }
    },
    "memcached": {
      "version": "2.2.2",
      "resolved": "https://na.artifactory.swg-devops.com/artifactory/api/npm/txo-wis-npm-virtual/memcached/-/memcached-2.2.2.tgz?dl=https%3A%2F%2Fregistry.npmjs.org%2Fmemcached%2F-%2Fmemcached-2.2.2.tgz",
      "integrity": "sha1-aPhsz9hLz5PMJe1G1tf8DHUhydU=",
      "requires": {
        "hashring": "3.2.x",
        "jackpot": ">=0.0.6"
      }
    },
    "retry": {
      "version": "0.6.0",
      "resolved": "https://na.artifactory.swg-devops.com/artifactory/api/npm/txo-wis-npm-virtual/retry/-/retry-0.6.0.tgz?dl=https%3A%2F%2Fregistry.npmjs.org%2Fretry%2F-%2Fretry-0.6.0.tgz",
      "integrity": "sha1-HAEHEyeab9Ho3vKK8MP/GHHKpTc="
    },
    "simple-lru-cache": {
      "version": "0.0.2",
      "resolved": "https://na.artifactory.swg-devops.com/artifactory/api/npm/txo-wis-npm-virtual/simple-lru-cache/-/simple-lru-cache-0.0.2.tgz?dl=https%3A%2F%2Fregistry.npmjs.org%2Fsimple-lru-cache%2F-%2Fsimple-lru-cache-0.0.2.tgz",
      "integrity": "sha1-1ZzDoZPBpdAyD4Tucy9uRxPlEd0="
    }
  }
}
